
Microsoft Visual Studio Solution File, Format Version 12.00
# Visual Studio Version 16
VisualStudioVersion = 16.0.31410.357
MinimumVisualStudioVersion = 10.0.40219.1
Project("{FAE04EC0-301F-11D3-BF4B-00C04F79EFBC}") = "ChatRoom", "ChatRoom.csproj", "{6FB01AF3-5625-413A-B9C3-FC350045D53C}"
EndProject
Global
	GlobalSection(SolutionConfigurationPlatforms) = preSolution
		Debug|Any CPU = Debug|Any CPU
		Release|Any CPU = Release|Any CPU
	EndGlobalSection
	GlobalSection(ProjectConfigurationPlatforms) = postSolution
		{6FB01AF3-5625-413A-B9C3-FC350045D53C}.Debug|Any CPU.ActiveCfg = Debug|Any CPU
		{6FB01AF3-5625-413A-B9C3-FC350045D53C}.Debug|Any CPU.Build.0 = Debug|Any CPU
		{6FB01AF3-5625-413A-B9C3-FC350045D53C}.Release|Any CPU.ActiveCfg = Release|Any CPU
		{6FB01AF3-5625-413A-B9C3-FC350045D53C}.Release|Any CPU.Build.0 = Release|Any CPU
	EndGlobalSection
	GlobalSection(SolutionProperties) = preSolution
		HideSolutionNode = FALSE
	EndGlobalSection
	GlobalSection(ExtensibilityGlobals) = postSolution
		SolutionGuid = {B52B3DE3-977D-4CAE-BEE6-60E4488F9890}
	EndGlobalSection
EndGlobal
